
Microsoft Visual Studio Solution File, Format Version 12.00
# Visual Studio Version 17
VisualStudioVersion = 17.9.34622.214
MinimumVisualStudioVersion = 10.0.40219.1
Project("{FAE04EC0-301F-11D3-BF4B-00C04F79EFBC}") = "PatientApplicaton.ConsoleTest", "PatientApplicaton.ConsoleTest.csproj", "{8EF14DFD-E0BB-489E-BFAD-9E8AC32F8152}"
EndProject
Global
	GlobalSection(SolutionConfigurationPlatforms) = preSolution
		Debug|Any CPU = Debug|Any CPU
		Release|Any CPU = Release|Any CPU
	EndGlobalSection
	GlobalSection(ProjectConfigurationPlatforms) = postSolution
		{8EF14DFD-E0BB-489E-BFAD-9E8AC32F8152}.Debug|Any CPU.ActiveCfg = Debug|Any CPU
		{8EF14DFD-E0BB-489E-BFAD-9E8AC32F8152}.Debug|Any CPU.Build.0 = Debug|Any CPU
		{8EF14DFD-E0BB-489E-BFAD-9E8AC32F8152}.Release|Any CPU.ActiveCfg = Release|Any CPU
		{8EF14DFD-E0BB-489E-BFAD-9E8AC32F8152}.Release|Any CPU.Build.0 = Release|Any CPU
	EndGlobalSection
	GlobalSection(SolutionProperties) = preSolution
		HideSolutionNode = FALSE
	EndGlobalSection
	GlobalSection(ExtensibilityGlobals) = postSolution
		SolutionGuid = {20A6280E-1E7E-49B9-8785-BF8C3566D875}
	EndGlobalSection
EndGlobal
